
Microsoft Visual Studio Solution File, Format Version 12.00
# Visual Studio Express 2012 for Windows Desktop
Project("{8BC9CEB8-8B4A-11D0-8D11-00A0C91BC942}") = "khepera3", "khepera3\khepera3.vcxproj", "{1284631D-F66D-46FD-87D9-C84973D9E4EE}"
EndProject
Project("{8BC9CEB8-8B4A-11D0-8D11-00A0C91BC942}") = "dlluser", "dlluser\dlluser.vcxproj", "{4F8E9CDB-56FE-49D7-B26A-7E3CFAD52DA6}"
EndProject
Project("{8BC9CEB8-8B4A-11D0-8D11-00A0C91BC942}") = "cortexUser", "cortexUser\cortexUser.vcxproj", "{B2AC2207-EDD6-4AFE-B26C-DC20ABC88E39}"
EndProject
Global
	GlobalSection(SolutionConfigurationPlatforms) = preSolution
		Debug|Mixed Platforms = Debug|Mixed Platforms
		Debug|Win32 = Debug|Win32
		Debug|Win64 = Debug|Win64
		Debug|x64 = Debug|x64
		Release|Mixed Platforms = Release|Mixed Platforms
		Release|Win32 = Release|Win32
		Release|Win64 = Release|Win64
		Release|x64 = Release|x64
	EndGlobalSection
	GlobalSection(ProjectConfigurationPlatforms) = postSolution
		{1284631D-F66D-46FD-87D9-C84973D9E4EE}.Debug|Mixed Platforms.ActiveCfg = Release|x64
		{1284631D-F66D-46FD-87D9-C84973D9E4EE}.Debug|Mixed Platforms.Build.0 = Release|x64
		{1284631D-F66D-46FD-87D9-C84973D9E4EE}.Debug|Win32.ActiveCfg = Release|x64
		{1284631D-F66D-46FD-87D9-C84973D9E4EE}.Debug|Win32.Build.0 = Release|x64
		{1284631D-F66D-46FD-87D9-C84973D9E4EE}.Debug|Win64.ActiveCfg = Debug|x64
		{1284631D-F66D-46FD-87D9-C84973D9E4EE}.Debug|Win64.Build.0 = Debug|x64
		{1284631D-F66D-46FD-87D9-C84973D9E4EE}.Debug|x64.ActiveCfg = Release|x64
		{1284631D-F66D-46FD-87D9-C84973D9E4EE}.Debug|x64.Build.0 = Release|x64
		{1284631D-F66D-46FD-87D9-C84973D9E4EE}.Release|Mixed Platforms.ActiveCfg = Release|x64
		{1284631D-F66D-46FD-87D9-C84973D9E4EE}.Release|Mixed Platforms.Build.0 = Release|x64
		{1284631D-F66D-46FD-87D9-C84973D9E4EE}.Release|Win32.ActiveCfg = Release|x64
		{1284631D-F66D-46FD-87D9-C84973D9E4EE}.Release|Win32.Build.0 = Release|x64
		{1284631D-F66D-46FD-87D9-C84973D9E4EE}.Release|Win64.ActiveCfg = Release|x64
		{1284631D-F66D-46FD-87D9-C84973D9E4EE}.Release|Win64.Build.0 = Release|x64
		{1284631D-F66D-46FD-87D9-C84973D9E4EE}.Release|x64.ActiveCfg = Release|x64
		{1284631D-F66D-46FD-87D9-C84973D9E4EE}.Release|x64.Build.0 = Release|x64
		{4F8E9CDB-56FE-49D7-B26A-7E3CFAD52DA6}.Debug|Mixed Platforms.ActiveCfg = Release|x64
		{4F8E9CDB-56FE-49D7-B26A-7E3CFAD52DA6}.Debug|Mixed Platforms.Build.0 = Release|x64
		{4F8E9CDB-56FE-49D7-B26A-7E3CFAD52DA6}.Debug|Win32.ActiveCfg = Release|x64
		{4F8E9CDB-56FE-49D7-B26A-7E3CFAD52DA6}.Debug|Win32.Build.0 = Release|x64
		{4F8E9CDB-56FE-49D7-B26A-7E3CFAD52DA6}.Debug|Win64.ActiveCfg = Debug|x64
		{4F8E9CDB-56FE-49D7-B26A-7E3CFAD52DA6}.Debug|Win64.Build.0 = Debug|x64
		{4F8E9CDB-56FE-49D7-B26A-7E3CFAD52DA6}.Debug|x64.ActiveCfg = Release|x64
		{4F8E9CDB-56FE-49D7-B26A-7E3CFAD52DA6}.Debug|x64.Build.0 = Release|x64
		{4F8E9CDB-56FE-49D7-B26A-7E3CFAD52DA6}.Release|Mixed Platforms.ActiveCfg = Release|x64
		{4F8E9CDB-56FE-49D7-B26A-7E3CFAD52DA6}.Release|Mixed Platforms.Build.0 = Release|x64
		{4F8E9CDB-56FE-49D7-B26A-7E3CFAD52DA6}.Release|Win32.ActiveCfg = Release|x64
		{4F8E9CDB-56FE-49D7-B26A-7E3CFAD52DA6}.Release|Win32.Build.0 = Release|x64
		{4F8E9CDB-56FE-49D7-B26A-7E3CFAD52DA6}.Release|Win64.ActiveCfg = Release|x64
		{4F8E9CDB-56FE-49D7-B26A-7E3CFAD52DA6}.Release|Win64.Build.0 = Release|x64
		{4F8E9CDB-56FE-49D7-B26A-7E3CFAD52DA6}.Release|x64.ActiveCfg = Release|x64
		{4F8E9CDB-56FE-49D7-B26A-7E3CFAD52DA6}.Release|x64.Build.0 = Release|x64
		{B2AC2207-EDD6-4AFE-B26C-DC20ABC88E39}.Debug|Mixed Platforms.ActiveCfg = Release|x64
		{B2AC2207-EDD6-4AFE-B26C-DC20ABC88E39}.Debug|Mixed Platforms.Build.0 = Release|x64
		{B2AC2207-EDD6-4AFE-B26C-DC20ABC88E39}.Debug|Win32.ActiveCfg = Release|x64
		{B2AC2207-EDD6-4AFE-B26C-DC20ABC88E39}.Debug|Win32.Build.0 = Release|x64
		{B2AC2207-EDD6-4AFE-B26C-DC20ABC88E39}.Debug|Win64.ActiveCfg = Debug|x64
		{B2AC2207-EDD6-4AFE-B26C-DC20ABC88E39}.Debug|Win64.Build.0 = Debug|x64
		{B2AC2207-EDD6-4AFE-B26C-DC20ABC88E39}.Debug|x64.ActiveCfg = Release|x64
		{B2AC2207-EDD6-4AFE-B26C-DC20ABC88E39}.Debug|x64.Build.0 = Release|x64
		{B2AC2207-EDD6-4AFE-B26C-DC20ABC88E39}.Release|Mixed Platforms.ActiveCfg = Release|x64
		{B2AC2207-EDD6-4AFE-B26C-DC20ABC88E39}.Release|Mixed Platforms.Build.0 = Release|x64
		{B2AC2207-EDD6-4AFE-B26C-DC20ABC88E39}.Release|Win32.ActiveCfg = Release|x64
		{B2AC2207-EDD6-4AFE-B26C-DC20ABC88E39}.Release|Win32.Build.0 = Release|x64
		{B2AC2207-EDD6-4AFE-B26C-DC20ABC88E39}.Release|Win64.ActiveCfg = Release|x64
		{B2AC2207-EDD6-4AFE-B26C-DC20ABC88E39}.Release|Win64.Build.0 = Release|x64
		{B2AC2207-EDD6-4AFE-B26C-DC20ABC88E39}.Release|x64.ActiveCfg = Release|x64
		{B2AC2207-EDD6-4AFE-B26C-DC20ABC88E39}.Release|x64.Build.0 = Release|x64
	EndGlobalSection
	GlobalSection(SolutionProperties) = preSolution
		HideSolutionNode = FALSE
	EndGlobalSection
EndGlobal
